
Microsoft Visual Studio Solution File, Format Version 12.00
# Visual Studio Version 16
VisualStudioVersion = 16.0.35130.168
MinimumVisualStudioVersion = 10.0.40219.1
Project("{FAE04EC0-301F-11D3-BF4B-00C04F79EFBC}") = "reema7266e", "reema7266e.csproj", "{D328495E-89AE-4547-BFDD-BFF582511AE5}"
EndProject
Global
	GlobalSection(SolutionConfigurationPlatforms) = preSolution
		Debug|Any CPU = Debug|Any CPU
		Release|Any CPU = Release|Any CPU
	EndGlobalSection
	GlobalSection(ProjectConfigurationPlatforms) = postSolution
		{D328495E-89AE-4547-BFDD-BFF582511AE5}.Debug|Any CPU.ActiveCfg = Debug|Any CPU
		{D328495E-89AE-4547-BFDD-BFF582511AE5}.Debug|Any CPU.Build.0 = Debug|Any CPU
		{D328495E-89AE-4547-BFDD-BFF582511AE5}.Release|Any CPU.ActiveCfg = Release|Any CPU
		{D328495E-89AE-4547-BFDD-BFF582511AE5}.Release|Any CPU.Build.0 = Release|Any CPU
	EndGlobalSection
	GlobalSection(SolutionProperties) = preSolution
		HideSolutionNode = FALSE
	EndGlobalSection
	GlobalSection(ExtensibilityGlobals) = postSolution
		SolutionGuid = {DFB9C612-668B-4ADC-82D0-119F258E6D10}
	EndGlobalSection
EndGlobal
